<?xml version="1.0" encoding="utf-8"?>
<Project ToolsVersion="4.0" xmlns="http://schemas.microsoft.com/developer/msbuild/2003">
  <ItemGroup>
    <Filter Include="Resource Files">
      <UniqueIdentifier>{67DA6AB6-F800-4c08-8B7A-83BB121AAD01}</UniqueIdentifier>
      <Extensions>rc;ico;cur;bmp;dlg;rc2;rct;bin;rgs;gif;jpg;jpeg;jpe;resx;tiff;tif;png;wav;mfcribbon-ms</Extensions>
    </Filter>
    <Filter Include="ActionManagement">
      <UniqueIdentifier>{5dfe89d3-5a9d-4ef7-ba52-efaf5e926361}</UniqueIdentifier>
    </Filter>
    <Filter Include="ActionManagement\Actions">
      <UniqueIdentifier>{37c7d59c-0589-445e-abb7-b5816157cc5f}</UniqueIdentifier>
    </Filter>
    <Filter Include="ActionManagement\Effects">
      <UniqueIdentifier>{36e7f098-cb32-4f6f-97b7-356eaee77522}</UniqueIdentifier>
    </Filter>
    <Filter Include="ActionManagement\Actions\Headers">
      <UniqueIdentifier>{820b7eac-b854-4dc7-8ba3-b83a5c774f24}</UniqueIdentifier>
    </Filter>
    <Filter Include="ActionManagement\Actions\Sources">
      <UniqueIdentifier>{239bc1a1-8575-4ce6-b987-8c8f9dd8b278}</UniqueIdentifier>
    </Filter>
    <Filter Include="ActionManagement\Effects\Headers">
      <UniqueIdentifier>{078b2334-007d-4b09-8c89-d9469b996148}</UniqueIdentifier>
    </Filter>
    <Filter Include="ActionManagement\Effects\Sources">
      <UniqueIdentifier>{dd23a7ec-5244-4869-a7f8-a6e411ac3cf3}</UniqueIdentifier>
    </Filter>
    <Filter Include="CharactersManagement">
      <UniqueIdentifier>{8ef1d696-2c7f-4df5-aee9-bee2f753dde8}</UniqueIdentifier>
    </Filter>
    <Filter Include="CharactersManagement\Brains">
      <UniqueIdentifier>{8ed0bf2c-12b2-4e34-9a31-eba8106aaabc}</UniqueIdentifier>
    </Filter>
    <Filter Include="CharactersManagement\Brains\Headers">
      <UniqueIdentifier>{975aeeda-9288-4b75-8466-4cfa31799c77}</UniqueIdentifier>
    </Filter>
    <Filter Include="CharactersManagement\Brains\Sources">
      <UniqueIdentifier>{e0029be6-b31e-4b3e-9dbb-3cd8017d5bc6}</UniqueIdentifier>
    </Filter>
    <Filter Include="Globals">
      <UniqueIdentifier>{f05fcdfa-be2e-45a8-ad17-dedbcfe52419}</UniqueIdentifier>
    </Filter>
    <Filter Include="Globals\Headers">
      <UniqueIdentifier>{0cf2606c-71f3-4671-850c-b503d11496aa}</UniqueIdentifier>
    </Filter>
    <Filter Include="Globals\Sources">
      <UniqueIdentifier>{8066fe1d-b58d-4a68-baae-299a1222eefb}</UniqueIdentifier>
    </Filter>
    <Filter Include="IO">
      <UniqueIdentifier>{51e571bb-59b2-4f82-9956-4fb112c14d6b}</UniqueIdentifier>
    </Filter>
    <Filter Include="IO\Printables">
      <UniqueIdentifier>{de20eeb2-384c-40af-8c69-14b3cd0d073a}</UniqueIdentifier>
    </Filter>
    <Filter Include="IO\Printables\Headers">
      <UniqueIdentifier>{371708b5-aa49-40cd-a700-2dfbbd6145c3}</UniqueIdentifier>
    </Filter>
    <Filter Include="IO\Printables\Sources">
      <UniqueIdentifier>{6efcbeec-cd53-4667-b6de-cc69634223b2}</UniqueIdentifier>
    </Filter>
    <Filter Include="Items">
      <UniqueIdentifier>{651dd71d-eeb9-49eb-8db7-6b0146771048}</UniqueIdentifier>
    </Filter>
    <Filter Include="Items\Headers">
      <UniqueIdentifier>{07de5d6f-1849-47f9-8f76-b9484216638a}</UniqueIdentifier>
    </Filter>
    <Filter Include="Utils">
      <UniqueIdentifier>{5272a0b0-7afb-4d2a-976f-f878b67997f7}</UniqueIdentifier>
    </Filter>
    <Filter Include="Utils\Headers">
      <UniqueIdentifier>{b8261529-f7a7-49a1-99c5-2f3727c53e89}</UniqueIdentifier>
    </Filter>
    <Filter Include="Utils\Sources">
      <UniqueIdentifier>{24a1bbc3-2e2d-420c-a98e-ce152a730e22}</UniqueIdentifier>
    </Filter>
    <Filter Include="ActionManagement\Attacks">
      <UniqueIdentifier>{ea19d3f9-b657-48f8-a0d8-66ec29c7b761}</UniqueIdentifier>
    </Filter>
    <Filter Include="ActionManagement\Attacks\Sources">
      <UniqueIdentifier>{67adcd1d-90f1-43ea-abaa-4dc640de96e8}</UniqueIdentifier>
    </Filter>
    <Filter Include="ActionManagement\Attacks\Headers">
      <UniqueIdentifier>{2a86f670-bbdd-4303-a212-15b24bea734e}</UniqueIdentifier>
    </Filter>
    <Filter Include="CharactersManagement\Characters">
      <UniqueIdentifier>{718dd533-5e86-4852-a812-70820bfe77fe}</UniqueIdentifier>
    </Filter>
    <Filter Include="CharactersManagement\Characters\Headers">
      <UniqueIdentifier>{2bc826b2-8205-47ce-bfe3-b6391672bc94}</UniqueIdentifier>
    </Filter>
    <Filter Include="CharactersManagement\Characters\Sources">
      <UniqueIdentifier>{826971fd-764d-481e-b3a6-8ea729e5f7b2}</UniqueIdentifier>
    </Filter>
    <Filter Include="IO\IOManagers">
      <UniqueIdentifier>{dce4a62f-993b-42ad-9996-1de574d66a29}</UniqueIdentifier>
    </Filter>
    <Filter Include="IO\IOManagers\Console">
      <UniqueIdentifier>{b881fc17-6147-4a01-b719-697f6128231b}</UniqueIdentifier>
    </Filter>
    <Filter Include="IO\IOManagers\Console\Sources">
      <UniqueIdentifier>{23b32179-1bb7-4818-b03d-b43ddfb5aa4a}</UniqueIdentifier>
    </Filter>
    <Filter Include="IO\IOManagers\Console\Headers">
      <UniqueIdentifier>{614df43b-5125-4f8a-8343-4371f3af346b}</UniqueIdentifier>
    </Filter>
  </ItemGroup>
  <ItemGroup>
    <ClCompile Include="Source\Action.cpp">
      <Filter>ActionManagement\Actions\Sources</Filter>
    </ClCompile>
    <ClCompile Include="Source\ActionLibraryRecord.cpp">
      <Filter>ActionManagement\Actions\Sources</Filter>
    </ClCompile>
    <ClCompile Include="Source\MeleeAttack.cpp">
      <Filter>ActionManagement\Actions\Sources</Filter>
    </ClCompile>
    <ClCompile Include="Source\ActiveEffect.cpp">
      <Filter>ActionManagement\Effects\Sources</Filter>
    </ClCompile>
    <ClCompile Include="Source\Attack.cpp">
      <Filter>ActionManagement\Attacks\Sources</Filter>
    </ClCompile>
    <ClCompile Include="Source\AggressiveBrain.cpp">
      <Filter>CharactersManagement\Brains\Sources</Filter>
    </ClCompile>
    <ClCompile Include="Source\Brain.cpp">
      <Filter>CharactersManagement\Brains\Sources</Filter>
    </ClCompile>
    <ClCompile Include="Source\Character.cpp">
      <Filter>CharactersManagement\Characters\Sources</Filter>
    </ClCompile>
    <ClCompile Include="Source\CharacterClass.cpp">
      <Filter>CharactersManagement\Characters\Sources</Filter>
    </ClCompile>
    <ClCompile Include="Source\Arbiter.cpp">
      <Filter>Globals\Sources</Filter>
    </ClCompile>
    <ClCompile Include="Source\Game.cpp">
      <Filter>Globals\Sources</Filter>
    </ClCompile>
    <ClCompile Include="Source\main.cpp">
      <Filter>Globals\Sources</Filter>
    </ClCompile>
    <ClCompile Include="Source\Team.cpp">
      <Filter>Globals\Sources</Filter>
    </ClCompile>
    <ClCompile Include="Source\PrintableAction.cpp">
      <Filter>IO\Printables\Sources</Filter>
    </ClCompile>
    <ClCompile Include="Source\PrintableCharacter.cpp">
      <Filter>IO\Printables\Sources</Filter>
    </ClCompile>
    <ClCompile Include="Source\PrintableEffect.cpp">
      <Filter>IO\Printables\Sources</Filter>
    </ClCompile>
    <ClCompile Include="Source\PrintableFatigue.cpp">
      <Filter>IO\Printables\Sources</Filter>
    </ClCompile>
    <ClCompile Include="Source\PrintableMP.cpp">
      <Filter>IO\Printables\Sources</Filter>
    </ClCompile>
    <ClCompile Include="Source\OutputManager.cpp">
      <Filter>IO\IOManagers\Console\Sources</Filter>
    </ClCompile>
    <ClCompile Include="Source\InputManager.cpp">
      <Filter>IO\IOManagers\Console\Sources</Filter>
    </ClCompile>
    <ClCompile Include="Source\IOManager.cpp">
      <Filter>IO\IOManagers\Console\Sources</Filter>
    </ClCompile>
    <ClCompile Include="Source\MyString.cpp">
      <Filter>Utils\Sources</Filter>
    </ClCompile>
  </ItemGroup>
  <ItemGroup>
    <ClInclude Include="Header\Action.h">
      <Filter>ActionManagement\Actions\Headers</Filter>
    </ClInclude>
    <ClInclude Include="Header\ActionLibraryRecord.h">
      <Filter>ActionManagement\Actions\Headers</Filter>
    </ClInclude>
    <ClInclude Include="Header\MeleeAttack.h">
      <Filter>ActionManagement\Actions\Headers</Filter>
    </ClInclude>
    <ClInclude Include="Header\WaitAction.h">
      <Filter>ActionManagement\Actions\Headers</Filter>
    </ClInclude>
    <ClInclude Include="Header\ActiveEffect.h">
      <Filter>ActionManagement\Effects\Headers</Filter>
    </ClInclude>
    <ClInclude Include="Header\Attack.h">
      <Filter>ActionManagement\Attacks\Headers</Filter>
    </ClInclude>
    <ClInclude Include="Header\AggressiveBrain.h">
      <Filter>CharactersManagement\Brains\Headers</Filter>
    </ClInclude>
    <ClInclude Include="Header\Brain.h">
      <Filter>CharactersManagement\Brains\Headers</Filter>
    </ClInclude>
    <ClInclude Include="Header\Character.h">
      <Filter>CharactersManagement\Characters\Headers</Filter>
    </ClInclude>
    <ClInclude Include="Header\CharacterClass.h">
      <Filter>CharactersManagement\Characters\Headers</Filter>
    </ClInclude>
    <ClInclude Include="Header\Arbiter.h">
      <Filter>Globals\Headers</Filter>
    </ClInclude>
    <ClInclude Include="Header\Entity.h">
      <Filter>Globals\Headers</Filter>
    </ClInclude>
    <ClInclude Include="Header\Game.h">
      <Filter>Globals\Headers</Filter>
    </ClInclude>
    <ClInclude Include="Header\Global.h">
      <Filter>Globals\Headers</Filter>
    </ClInclude>
    <ClInclude Include="Header\Team.h">
      <Filter>Globals\Headers</Filter>
    </ClInclude>
    <ClInclude Include="Header\InputManager.h">
      <Filter>IO\IOManagers\Console\Headers</Filter>
    </ClInclude>
    <ClInclude Include="Header\IOManager.h">
      <Filter>IO\IOManagers\Console\Headers</Filter>
    </ClInclude>
    <ClInclude Include="Header\OutputManager.h">
      <Filter>IO\IOManagers\Console\Headers</Filter>
    </ClInclude>
    <ClInclude Include="Header\PrintableMP.h">
      <Filter>IO\Printables\Headers</Filter>
    </ClInclude>
    <ClInclude Include="Header\Printable.h">
      <Filter>IO\Printables\Headers</Filter>
    </ClInclude>
    <ClInclude Include="Header\PrintableAction.h">
      <Filter>IO\Printables\Headers</Filter>
    </ClInclude>
    <ClInclude Include="Header\PrintableCharacter.h">
      <Filter>IO\Printables\Headers</Filter>
    </ClInclude>
    <ClInclude Include="Header\PrintableEffect.h">
      <Filter>IO\Printables\Headers</Filter>
    </ClInclude>
    <ClInclude Include="Header\PrintableFatigue.h">
      <Filter>IO\Printables\Headers</Filter>
    </ClInclude>
    <ClInclude Include="Header\Item.h">
      <Filter>Items\Headers</Filter>
    </ClInclude>
    <ClInclude Include="Header\MyString.h">
      <Filter>Utils\Headers</Filter>
    </ClInclude>
    <ClInclude Include="Header\Heap.h">
      <Filter>Utils\Headers</Filter>
    </ClInclude>
    <ClInclude Include="Header\Heap_imp.h">
      <Filter>Utils\Headers</Filter>
    </ClInclude>
    <ClInclude Include="Header\List.h">
      <Filter>Utils\Headers</Filter>
    </ClInclude>
    <ClInclude Include="Header\List_Imp.h">
      <Filter>Utils\Headers</Filter>
    </ClInclude>
    <ClInclude Include="Header\MemoryPool.h">
      <Filter>Utils\Headers</Filter>
    </ClInclude>
    <ClInclude Include="Header\MemoryPool_imp.h">
      <Filter>Utils\Headers</Filter>
    </ClInclude>
    <ClInclude Include="Header\Targetable.h">
      <Filter>ActionManagement\Actions\Headers</Filter>
    </ClInclude>
  </ItemGroup>
</Project>