<?xml version="1.0" encoding="utf-8"?>
<Project ToolsVersion="4.0" xmlns="http://schemas.microsoft.com/developer/msbuild/2003">
  <ItemGroup>
    <ClCompile Include="Header\OutPutManager.cpp" />
    <ClCompile Include="Source\Action.cpp" />
    <ClCompile Include="Source\ActionLibraryRecord.cpp" />
    <ClCompile Include="Source\ActiveEffect.cpp" />
    <ClCompile Include="Source\Arbiter.cpp" />
    <ClCompile Include="Source\Attack.cpp" />
    <ClCompile Include="Source\Brain.cpp" />
    <ClCompile Include="Source\Character.cpp" />
    <ClCompile Include="Source\CharacterClass.cpp" />
    <ClCompile Include="Source\Game.cpp" />
    <ClCompile Include="Source\main.cpp" />
    <ClCompile Include="Source\MeleeAttack.cpp" />
    <ClCompile Include="Source\MyString.cpp" />
    <ClCompile Include="Source\Printable.cpp" />
    <ClCompile Include="Source\Team.cpp" />
  </ItemGroup>
  <ItemGroup>
    <ClInclude Include="Header\Action.h" />
    <ClInclude Include="Header\ActionLibraryRecord.h" />
    <ClInclude Include="Header\ActiveEffect.h" />
    <ClInclude Include="Header\Arbiter.h" />
    <ClInclude Include="Header\Attack.h" />
    <ClInclude Include="Header\Brain.h" />
    <ClInclude Include="Header\Character.h" />
    <ClInclude Include="Header\CharacterClass.h" />
    <ClInclude Include="Header\Game.h" />
    <ClInclude Include="Header\Global.h" />
    <ClInclude Include="Header\Heap_imp.h" />
    <ClInclude Include="Header\IOManager.h" />
    <ClInclude Include="Header\Item.h" />
    <ClInclude Include="Header\Heap.h" />
    <ClInclude Include="Header\List.h" />
    <ClInclude Include="Header\List_Imp.h" />
    <ClInclude Include="Header\MeleeAttack.h" />
    <ClInclude Include="Header\MemoryPool.h" />
    <ClInclude Include="Header\MemoryPool_imp.h" />
    <ClInclude Include="Header\MyString.h" />
    <ClInclude Include="Header\OutPutManager.h" />
    <ClInclude Include="Header\Printable.h" />
    <ClInclude Include="Header\Targetable.h" />
    <ClInclude Include="Header\Team.h" />
    <ClInclude Include="Header\WaitAction.h" />
  </ItemGroup>
</Project>